PODS:
  - Alamofire (3.4.1)
  - Dodo (2.2.1)
  - SwiftValidator (3.0.1)

DEPENDENCIES:
  - Alamofire (~> 3.4)
  - Dodo (~> 2.2)
  - SwiftValidator (from `https://github.com/jpotts18/SwiftValidator.git`, tag `4.0.0`)

EXTERNAL SOURCES:
  SwiftValidator:
    :git: https://github.com/jpotts18/SwiftValidator.git
    :tag: 4.0.0

CHECKOUT OPTIONS:
  SwiftValidator:
    :git: https://github.com/jpotts18/SwiftValidator.git
    :tag: 4.0.0

SPEC CHECKSUMS:
  Alamofire: 01a82e2f6c0f860ade35534c8dd88be61bdef40c
  Dodo: 9c9a368ec6c869928429c691eecc926889882a2d
  SwiftValidator: 461a2c00173f001287a8fa1f12704b87ec8a6bc4

COCOAPODS: 0.39.0
